
Microsoft Visual Studio Solution File, Format Version 12.00
# Visual Studio 15
VisualStudioVersion = 15.0.28016.0
MinimumVisualStudioVersion = 10.0.40219.1
Project("{FAE04EC0-301F-11D3-BF4B-00C04F79EFBC}") = "EnterpriseLogger", "EnterpriseLogger\EnterpriseLogger.csproj", "{6EF56420-8B05-49FD-9C8B-DBF79F09F58D}"
EndProject
Project("{FAE04EC0-301F-11D3-BF4B-00C04F79EFBC}") = "EnterpriseLogger.Tests.Unit", "EnterpriseLogger.Tests.Unit\EnterpriseLogger.Tests.Unit.csproj", "{DCF49A70-2FE6-46AE-A718-F6C316CBBD69}"
EndProject
Global
	GlobalSection(SolutionConfigurationPlatforms) = preSolution
		Debug|Any CPU = Debug|Any CPU
		Release|Any CPU = Release|Any CPU
	EndGlobalSection
	GlobalSection(ProjectConfigurationPlatforms) = postSolution
		{6EF56420-8B05-49FD-9C8B-DBF79F09F58D}.Debug|Any CPU.ActiveCfg = Debug|Any CPU
		{6EF56420-8B05-49FD-9C8B-DBF79F09F58D}.Debug|Any CPU.Build.0 = Debug|Any CPU
		{6EF56420-8B05-49FD-9C8B-DBF79F09F58D}.Release|Any CPU.ActiveCfg = Release|Any CPU
		{6EF56420-8B05-49FD-9C8B-DBF79F09F58D}.Release|Any CPU.Build.0 = Release|Any CPU
		{DCF49A70-2FE6-46AE-A718-F6C316CBBD69}.Debug|Any CPU.ActiveCfg = Debug|Any CPU
		{DCF49A70-2FE6-46AE-A718-F6C316CBBD69}.Debug|Any CPU.Build.0 = Debug|Any CPU
		{DCF49A70-2FE6-46AE-A718-F6C316CBBD69}.Release|Any CPU.ActiveCfg = Release|Any CPU
		{DCF49A70-2FE6-46AE-A718-F6C316CBBD69}.Release|Any CPU.Build.0 = Release|Any CPU
	EndGlobalSection
	GlobalSection(SolutionProperties) = preSolution
		HideSolutionNode = FALSE
	EndGlobalSection
	GlobalSection(ExtensibilityGlobals) = postSolution
		SolutionGuid = {170856FB-0E79-4B3A-AC83-5CB687778541}
	EndGlobalSection
EndGlobal
